
Microsoft Visual Studio Solution File, Format Version 12.00
# Visual Studio Version 17
VisualStudioVersion = 17.13.35931.197 d17.13
MinimumVisualStudioVersion = 10.0.40219.1
Project("{FAE04EC0-301F-11D3-BF4B-00C04F79EFBC}") = "Announcements.Api", "Announcements.Api\Announcements.Api.csproj", "{B0831598-4504-425C-B2C3-77C3B8E562A0}"
EndProject
Global
	GlobalSection(SolutionConfigurationPlatforms) = preSolution
		Debug|Any CPU = Debug|Any CPU
		Release|Any CPU = Release|Any CPU
	EndGlobalSection
	GlobalSection(ProjectConfigurationPlatforms) = postSolution
		{B0831598-4504-425C-B2C3-77C3B8E562A0}.Debug|Any CPU.ActiveCfg = Debug|Any CPU
		{B0831598-4504-425C-B2C3-77C3B8E562A0}.Debug|Any CPU.Build.0 = Debug|Any CPU
		{B0831598-4504-425C-B2C3-77C3B8E562A0}.Release|Any CPU.ActiveCfg = Release|Any CPU
		{B0831598-4504-425C-B2C3-77C3B8E562A0}.Release|Any CPU.Build.0 = Release|Any CPU
	EndGlobalSection
	GlobalSection(SolutionProperties) = preSolution
		HideSolutionNode = FALSE
	EndGlobalSection
	GlobalSection(ExtensibilityGlobals) = postSolution
		SolutionGuid = {DFA44BE2-E698-42E9-A8C4-0C67802FE7DA}
	EndGlobalSection
EndGlobal
